# This file is automatically @generated by Cargo.
# It is not intended for manual editing.
[[package]]
name = "bit_field"
version = "0.9.0"
source = "registry+https://github.com/rust-lang/crates.io-index"
checksum = "ed8765909f9009617974ab6b7d332625b320b33c326b1e9321382ef1999b5d56"

[[package]]
name = "bit_field"
version = "0.10.0"
source = "registry+https://github.com/rust-lang/crates.io-index"
checksum = "a165d606cf084741d4ac3a28fb6e9b1eb0bd31f6cd999098cfddb0b2ab381dc0"

[[package]]
name = "bitflags"
version = "1.2.1"
source = "registry+https://github.com/rust-lang/crates.io-index"
checksum = "cf1de2fe8c75bc145a2f577add951f8134889b4795d47466a54a5c846d691693"

[[package]]
name = "cfg-if"
version = "0.1.10"
source = "registry+https://github.com/rust-lang/crates.io-index"
checksum = "4785bdd1c96b2a846b2bd7cc02e86b6b3dbf14e7e53446c4f54c92a361040822"

[[package]]
name = "compiler_builtins"
version = "0.1.32"
source = "git+https://github.com/rust-lang/compiler-builtins#f3846bc05da87b8a71cd1a5a6ff9d980f46b2d0f"

[[package]]
name = "log"
version = "0.4.11"
source = "registry+https://github.com/rust-lang/crates.io-index"
checksum = "4fabed175da42fed1fa0746b0ea71f412aa9d35e76e95e59b192c64b9dc2bf8b"
dependencies = [
 "cfg-if",
]

[[package]]
name = "proc-macro2"
version = "1.0.19"
source = "registry+https://github.com/rust-lang/crates.io-index"
checksum = "04f5f085b5d71e2188cb8271e5da0161ad52c3f227a661a3c135fdf28e258b12"
dependencies = [
 "unicode-xid",
]

[[package]]
name = "quote"
version = "1.0.7"
source = "registry+https://github.com/rust-lang/crates.io-index"
checksum = "aa563d17ecb180e500da1cfd2b028310ac758de548efdd203e18f283af693f37"
dependencies = [
 "proc-macro2",
]

[[package]]
name = "syn"
version = "1.0.35"
source = "registry+https://github.com/rust-lang/crates.io-index"
checksum = "fb7f4c519df8c117855e19dd8cc851e89eb746fe7a73f0157e0d95fdec5369b0"
dependencies = [
 "proc-macro2",
 "quote",
 "unicode-xid",
]

[[package]]
name = "ucs2"
version = "0.3.1"
source = "registry+https://github.com/rust-lang/crates.io-index"
checksum = "85061f4e43545a613c0da6b87725bf23f8da8613cf2473719c4f71a270c4ce8a"
dependencies = [
 "bit_field 0.10.0",
]

[[package]]
name = "uefi"
version = "0.4.7"
source = "registry+https://github.com/rust-lang/crates.io-index"
checksum = "08fcd8a8b1c2488ea5adb67f3840584557a7089150c6f209148567397f767e12"
dependencies = [
 "bitflags",
 "log",
 "ucs2",
 "uefi-macros",
]

[[package]]
name = "uefi-app"
version = "0.1.0"
dependencies = [
 "compiler_builtins",
 "log",
 "uefi",
 "uefi-services",
]

[[package]]
name = "uefi-macros"
version = "0.3.2"
source = "registry+https://github.com/rust-lang/crates.io-index"
checksum = "7a69fa8dd920e84d783769c44560484ade81f6c765cde2e1cc46c754ddf95947"
dependencies = [
 "proc-macro2",
 "quote",
 "syn",
]

[[package]]
name = "uefi-services"
version = "0.2.4"
source = "registry+https://github.com/rust-lang/crates.io-index"
checksum = "8a985e3dd3e8ce234af981948ff1138e72936af03b04a90b082f9d8a6f35ad37"
dependencies = [
 "log",
 "uefi",
 "x86_64",
]

[[package]]
name = "unicode-xid"
version = "0.2.1"
source = "registry+https://github.com/rust-lang/crates.io-index"
checksum = "f7fe0bb3479651439c9112f72b6c505038574c9fbb575ed1bf3b797fa39dd564"

[[package]]
name = "x86_64"
version = "0.11.1"
source = "registry+https://github.com/rust-lang/crates.io-index"
checksum = "9144cdef072afe8afcbc511be8f421de5b3eb9f4b8ff7abff369bee38f91e7e3"
dependencies = [
 "bit_field 0.9.0",
 "bitflags",
]
